
Microsoft Visual Studio Solution File, Format Version 12.00
# Visual Studio Version 16
VisualStudioVersion = 16.0.31424.327
MinimumVisualStudioVersion = 10.0.40219.1
Project("{FAE04EC0-301F-11D3-BF4B-00C04F79EFBC}") = "clasePersona", "clasePersona.csproj", "{DDC71C29-D5C6-4C45-BC2A-3BB91FBC4356}"
EndProject
Global
	GlobalSection(SolutionConfigurationPlatforms) = preSolution
		Debug|Any CPU = Debug|Any CPU
		Release|Any CPU = Release|Any CPU
	EndGlobalSection
	GlobalSection(ProjectConfigurationPlatforms) = postSolution
		{DDC71C29-D5C6-4C45-BC2A-3BB91FBC4356}.Debug|Any CPU.ActiveCfg = Debug|Any CPU
		{DDC71C29-D5C6-4C45-BC2A-3BB91FBC4356}.Debug|Any CPU.Build.0 = Debug|Any CPU
		{DDC71C29-D5C6-4C45-BC2A-3BB91FBC4356}.Release|Any CPU.ActiveCfg = Release|Any CPU
		{DDC71C29-D5C6-4C45-BC2A-3BB91FBC4356}.Release|Any CPU.Build.0 = Release|Any CPU
	EndGlobalSection
	GlobalSection(SolutionProperties) = preSolution
		HideSolutionNode = FALSE
	EndGlobalSection
	GlobalSection(ExtensibilityGlobals) = postSolution
		SolutionGuid = {051BE508-BB5E-49E7-9241-1DDB008D96FB}
	EndGlobalSection
EndGlobal
