
Microsoft Visual Studio Solution File, Format Version 12.00
# Visual Studio Version 16
VisualStudioVersion = 16.0.31424.327
MinimumVisualStudioVersion = 10.0.40219.1
Project("{FAE04EC0-301F-11D3-BF4B-00C04F79EFBC}") = "AppFilesAndDirectories", "AppFilesAndDirectories.csproj", "{46C9A251-4969-4B22-A173-B52A646A4364}"
EndProject
Global
	GlobalSection(SolutionConfigurationPlatforms) = preSolution
		Debug|Any CPU = Debug|Any CPU
		Release|Any CPU = Release|Any CPU
	EndGlobalSection
	GlobalSection(ProjectConfigurationPlatforms) = postSolution
		{46C9A251-4969-4B22-A173-B52A646A4364}.Debug|Any CPU.ActiveCfg = Debug|Any CPU
		{46C9A251-4969-4B22-A173-B52A646A4364}.Debug|Any CPU.Build.0 = Debug|Any CPU
		{46C9A251-4969-4B22-A173-B52A646A4364}.Release|Any CPU.ActiveCfg = Release|Any CPU
		{46C9A251-4969-4B22-A173-B52A646A4364}.Release|Any CPU.Build.0 = Release|Any CPU
	EndGlobalSection
	GlobalSection(SolutionProperties) = preSolution
		HideSolutionNode = FALSE
	EndGlobalSection
	GlobalSection(ExtensibilityGlobals) = postSolution
		SolutionGuid = {1C694CA6-A28A-4C17-96BA-314E780D0170}
	EndGlobalSection
EndGlobal
